// !$*UTF8*$!
{
	archiveVersion = 1;
	classes = {
	};
	objectVersion = 46;
	objects = {

/* Begin PBXBuildFile section */
		3295BBAB1E5CB1920050D7BA /* main.m in Sources */ = {isa = PBXBuildFile; fileRef = 3295BBAA1E5CB1920050D7BA /* main.m */; };
		3295BBAE1E5CB1930050D7BA /* AppDelegate.m in Sources */ = {isa = PBXBuildFile; fileRef = 3295BBAD1E5CB1930050D7BA /* AppDelegate.m */; };
		3295BBB11E5CB1940050D7BA /* ViewController.m in Sources */ = {isa = PBXBuildFile; fileRef = 3295BBB01E5CB1940050D7BA /* ViewController.m */; };
		3295BBB41E5CB1950050D7BA /* Main.storyboard in Resources */ = {isa = PBXBuildFile; fileRef = 3295BBB21E5CB1950050D7BA /* Main.storyboard */; };
		3295BBB61E5CB1960050D7BA /* Assets.xcassets in Resources */ = {isa = PBXBuildFile; fileRef = 3295BBB51E5CB1960050D7BA /* Assets.xcassets */; };
		3295BBC41E5CB2FD0050D7BA /* NTD-ThoiNguoiOLaiEmDi-320x568.png in Resources */ = {isa = PBXBuildFile; fileRef = 3295BBC11E5CB2FD0050D7BA /* NTD-ThoiNguoiOLaiEmDi-320x568.png */; };
		3295BBC51E5CB2FD0050D7BA /* NTD-TNOLED-CD-44x44.png in Resources */ = {isa = PBXBuildFile; fileRef = 3295BBC21E5CB2FD0050D7BA /* NTD-TNOLED-CD-44x44.png */; };
		3295BBC61E5CB2FD0050D7BA /* NTD-sample01.jpg in Resources */ = {isa = PBXBuildFile; fileRef = 3295BBC31E5CB2FD0050D7BA /* NTD-sample01.jpg */; };
		3295BBC91E5CB3130050D7BA /* sample01.mp3 in Resources */ = {isa = PBXBuildFile; fileRef = 3295BBC81E5CB3130050D7BA /* sample01.mp3 */; };
		3295BBCE1E5CB32D0050D7BA /* home-32.png in Resources */ = {isa = PBXBuildFile; fileRef = 3295BBCB1E5CB32D0050D7BA /* home-32.png */; };
		3295BBCF1E5CB32D0050D7BA /* reverse-32.png in Resources */ = {isa = PBXBuildFile; fileRef = 3295BBCC1E5CB32D0050D7BA /* reverse-32.png */; };
		3295BBD01E5CB32D0050D7BA /* forward-32.png in Resources */ = {isa = PBXBuildFile; fileRef = 3295BBCD1E5CB32D0050D7BA /* forward-32.png */; };
		3295BBD61E5CB34A0050D7BA /* PlaySongViewController.m in Sources */ = {isa = PBXBuildFile; fileRef = 3295BBD31E5CB34A0050D7BA /* PlaySongViewController.m */; };
		3295BBD71E5CB34A0050D7BA /* SongListTableViewController.m in Sources */ = {isa = PBXBuildFile; fileRef = 3295BBD51E5CB34A0050D7BA /* SongListTableViewController.m */; };
		3295BBD91E5CB5160050D7BA /* SongList.plist in Resources */ = {isa = PBXBuildFile; fileRef = 3295BBD81E5CB5160050D7BA /* SongList.plist */; };
		3295BBDB1E5CB5D20050D7BA /* Launch Screen.xib in Resources */ = {isa = PBXBuildFile; fileRef = 3295BBDA1E5CB5D20050D7BA /* Launch Screen.xib */; };
/* End PBXBuildFile section */

/* Begin PBXFileReference section */
		3295BBA61E5CB1910050D7BA /* Music-Catalog.app */ = {isa = PBXFileReference; explicitFileType = wrapper.application; includeInIndex = 0; path = "Music-Catalog.app"; sourceTree = BUILT_PRODUCTS_DIR; };
		3295BBAA1E5CB1920050D7BA /* main.m */ = {isa = PBXFileReference; lastKnownFileType = sourcecode.c.objc; path = main.m; sourceTree = "<group>"; };
		3295BBAC1E5CB1930050D7BA /* AppDelegate.h */ = {isa = PBXFileReference; lastKnownFileType = sourcecode.c.h; path = AppDelegate.h; sourceTree = "<group>"; };
		3295BBAD1E5CB1930050D7BA /* AppDelegate.m */ = {isa = PBXFileReference; lastKnownFileType = sourcecode.c.objc; path = AppDelegate.m; sourceTree = "<group>"; };
		3295BBAF1E5CB1930050D7BA /* ViewController.h */ = {isa = PBXFileReference; lastKnownFileType = sourcecode.c.h; path = ViewController.h; sourceTree = "<group>"; };
		3295BBB01E5CB1940050D7BA /* ViewController.m */ = {isa = PBXFileReference; lastKnownFileType = sourcecode.c.objc; path = ViewController.m; sourceTree = "<group>"; };
		3295BBB31E5CB1950050D7BA /* Base */ = {isa = PBXFileReference; lastKnownFileType = file.storyboard; name = Base; path = Base.lproj/Main.storyboard; sourceTree = "<group>"; };
		3295BBB51E5CB1960050D7BA /* Assets.xcassets */ = {isa = PBXFileReference; lastKnownFileType = folder.assetcatalog; path = Assets.xcassets; sourceTree = "<group>"; };
		3295BBBA1E5CB1990050D7BA /* Info.plist */ = {isa = PBXFileReference; lastKnownFileType = text.plist.xml; path = Info.plist; sourceTree = "<group>"; };
		3295BBC11E5CB2FD0050D7BA /* NTD-ThoiNguoiOLaiEmDi-320x568.png */ = {isa = PBXFileReference; lastKnownFileType = image.png; path = "NTD-ThoiNguoiOLaiEmDi-320x568.png"; sourceTree = "<group>"; };
		3295BBC21E5CB2FD0050D7BA /* NTD-TNOLED-CD-44x44.png */ = {isa = PBXFileReference; lastKnownFileType = image.png; path = "NTD-TNOLED-CD-44x44.png"; sourceTree = "<group>"; };
		3295BBC31E5CB2FD0050D7BA /* NTD-sample01.jpg */ = {isa = PBXFileReference; lastKnownFileType = image.jpeg; path = "NTD-sample01.jpg"; sourceTree = "<group>"; };
		3295BBC81E5CB3130050D7BA /* sample01.mp3 */ = {isa = PBXFileReference; lastKnownFileType = audio.mp3; path = sample01.mp3; sourceTree = "<group>"; };
		3295BBCB1E5CB32D0050D7BA /* home-32.png */ = {isa = PBXFileReference; lastKnownFileType = image.png; path = "home-32.png"; sourceTree = "<group>"; };
		3295BBCC1E5CB32D0050D7BA /* reverse-32.png */ = {isa = PBXFileReference; lastKnownFileType = image.png; path = "reverse-32.png"; sourceTree = "<group>"; };
		3295BBCD1E5CB32D0050D7BA /* forward-32.png */ = {isa = PBXFileReference; lastKnownFileType = image.png; path = "forward-32.png"; sourceTree = "<group>"; };
		3295BBD21E5CB34A0050D7BA /* PlaySongViewController.h */ = {isa = PBXFileReference; fileEncoding = 4; lastKnownFileType = sourcecode.c.h; path = PlaySongViewController.h; sourceTree = "<group>"; };
		3295BBD31E5CB34A0050D7BA /* PlaySongViewController.m */ = {isa = PBXFileReference; fileEncoding = 4; lastKnownFileType = sourcecode.c.objc; path = PlaySongViewController.m; sourceTree = "<group>"; };
		3295BBD41E5CB34A0050D7BA /* SongListTableViewController.h */ = {isa = PBXFileReference; fileEncoding = 4; lastKnownFileType = sourcecode.c.h; path = SongListTableViewController.h; sourceTree = "<group>"; };
		3295BBD51E5CB34A0050D7BA /* SongListTableViewController.m */ = {isa = PBXFileReference; fileEncoding = 4; lastKnownFileType = sourcecode.c.objc; path = SongListTableViewController.m; sourceTree = "<group>"; };
		3295BBD81E5CB5160050D7BA /* SongList.plist */ = {isa = PBXFileReference; fileEncoding = 4; lastKnownFileType = text.plist.xml; path = SongList.plist; sourceTree = "<group>"; };
		3295BBDA1E5CB5D20050D7BA /* Launch Screen.xib */ = {isa = PBXFileReference; fileEncoding = 4; lastKnownFileType = file.xib; path = "Launch Screen.xib"; sourceTree = "<group>"; };
/* End PBXFileReference section */

/* Begin PBXFrameworksBuildPhase section */
		3295BBA31E5CB1910050D7BA /* Frameworks */ = {
			isa = PBXFrameworksBuildPhase;
			buildActionMask = 2147483647;
			files = (
			);
			runOnlyForDeploymentPostprocessing = 0;
		};
/* End PBXFrameworksBuildPhase section */

/* Begin PBXGroup section */
		3295BB9D1E5CB18E0050D7BA = {
			isa = PBXGroup;
			children = (
				3295BBA81E5CB1920050D7BA /* Music-Catalog */,
				3295BBA71E5CB1910050D7BA /* Products */,
			);
			sourceTree = "<group>";
		};
		3295BBA71E5CB1910050D7BA /* Products */ = {
			isa = PBXGroup;
			children = (
				3295BBA61E5CB1910050D7BA /* Music-Catalog.app */,
			);
			name = Products;
			sourceTree = "<group>";
		};
		3295BBA81E5CB1920050D7BA /* Music-Catalog */ = {
			isa = PBXGroup;
			children = (
				3295BBD11E5CB33A0050D7BA /* Controllers */,
				3295BBCA1E5CB31D0050D7BA /* Music Icons */,
				3295BBC71E5CB3090050D7BA /* Songs */,
				3295BBC01E5CB2EE0050D7BA /* Images */,
				3295BBAC1E5CB1930050D7BA /* AppDelegate.h */,
				3295BBAD1E5CB1930050D7BA /* AppDelegate.m */,
				3295BBAF1E5CB1930050D7BA /* ViewController.h */,
				3295BBB01E5CB1940050D7BA /* ViewController.m */,
				3295BBB21E5CB1950050D7BA /* Main.storyboard */,
				3295BBDA1E5CB5D20050D7BA /* Launch Screen.xib */,
				3295BBB51E5CB1960050D7BA /* Assets.xcassets */,
				3295BBBA1E5CB1990050D7BA /* Info.plist */,
				3295BBA91E5CB1920050D7BA /* Supporting Files */,
			);
			path = "Music-Catalog";
			sourceTree = "<group>";
		};
		3295BBA91E5CB1920050D7BA /* Supporting Files */ = {
			isa = PBXGroup;
			children = (
				3295BBD81E5CB5160050D7BA /* SongList.plist */,
				3295BBAA1E5CB1920050D7BA /* main.m */,
			);
			name = "Supporting Files";
			sourceTree = "<group>";
		};
		3295BBC01E5CB2EE0050D7BA /* Images */ = {
			isa = PBXGroup;
			children = (
				3295BBC11E5CB2FD0050D7BA /* NTD-ThoiNguoiOLaiEmDi-320x568.png */,
				3295BBC21E5CB2FD0050D7BA /* NTD-TNOLED-CD-44x44.png */,
				3295BBC31E5CB2FD0050D7BA /* NTD-sample01.jpg */,
			);
			name = Images;
			sourceTree = "<group>";
		};
		3295BBC71E5CB3090050D7BA /* Songs */ = {
			isa = PBXGroup;
			children = (
				3295BBC81E5CB3130050D7BA /* sample01.mp3 */,
			);
			name = Songs;
			sourceTree = "<group>";
		};
		3295BBCA1E5CB31D0050D7BA /* Music Icons */ = {
			isa = PBXGroup;
			children = (
				3295BBCB1E5CB32D0050D7BA /* home-32.png */,
				3295BBCC1E5CB32D0050D7BA /* reverse-32.png */,
				3295BBCD1E5CB32D0050D7BA /* forward-32.png */,
			);
			name = "Music Icons";
			sourceTree = "<group>";
		};
		3295BBD11E5CB33A0050D7BA /* Controllers */ = {
			isa = PBXGroup;
			children = (
				3295BBD21E5CB34A0050D7BA /* PlaySongViewController.h */,
				3295BBD31E5CB34A0050D7BA /* PlaySongViewController.m */,
				3295BBD41E5CB34A0050D7BA /* SongListTableViewController.h */,
				3295BBD51E5CB34A0050D7BA /* SongListTableViewController.m */,
			);
			name = Controllers;
			sourceTree = "<group>";
		};
/* End PBXGroup section */

/* Begin PBXNativeTarget section */
		3295BBA51E5CB1910050D7BA /* Music-Catalog */ = {
			isa = PBXNativeTarget;
			buildConfigurationList = 3295BBBD1E5CB19A0050D7BA /* Build configuration list for PBXNativeTarget "Music-Catalog" */;
			buildPhases = (
				3295BBA21E5CB1910050D7BA /* Sources */,
				3295BBA31E5CB1910050D7BA /* Frameworks */,
				3295BBA41E5CB1910050D7BA /* Resources */,
			);
			buildRules = (
			);
			dependencies = (
			);
			name = "Music-Catalog";
			productName = "Music-Catalog";
			productReference = 3295BBA61E5CB1910050D7BA /* Music-Catalog.app */;
			productType = "com.apple.product-type.application";
		};
/* End PBXNativeTarget section */

/* Begin PBXProject section */
		3295BB9E1E5CB18F0050D7BA /* Project object */ = {
			isa = PBXProject;
			attributes = {
				LastUpgradeCheck = 0820;
				ORGANIZATIONNAME = "Lac Viet Inc.";
				TargetAttributes = {
					3295BBA51E5CB1910050D7BA = {
						CreatedOnToolsVersion = 8.2.1;
						DevelopmentTeam = 8KD2N297A7;
						ProvisioningStyle = Automatic;
					};
				};
			};
			buildConfigurationList = 3295BBA11E5CB18F0050D7BA /* Build configuration list for PBXProject "Music-Catalog" */;
			compatibilityVersion = "Xcode 3.2";
			developmentRegion = English;
			hasScannedForEncodings = 0;
			knownRegions = (
				en,
				Base,
			);
			mainGroup = 3295BB9D1E5CB18E0050D7BA;
			productRefGroup = 3295BBA71E5CB1910050D7BA /* Products */;
			projectDirPath = "";
			projectRoot = "";
			targets = (
				3295BBA51E5CB1910050D7BA /* Music-Catalog */,
			);
		};
/* End PBXProject section */

/* Begin PBXResourcesBuildPhase section */
		3295BBA41E5CB1910050D7BA /* Resources */ = {
			isa = PBXResourcesBuildPhase;
			buildActionMask = 2147483647;
			files = (
				3295BBD91E5CB5160050D7BA /* SongList.plist in Resources */,
				3295BBCF1E5CB32D0050D7BA /* reverse-32.png in Resources */,
				3295BBCE1E5CB32D0050D7BA /* home-32.png in Resources */,
				3295BBB61E5CB1960050D7BA /* Assets.xcassets in Resources */,
				3295BBD01E5CB32D0050D7BA /* forward-32.png in Resources */,
				3295BBDB1E5CB5D20050D7BA /* Launch Screen.xib in Resources */,
				3295BBC41E5CB2FD0050D7BA /* NTD-ThoiNguoiOLaiEmDi-320x568.png in Resources */,
				3295BBC61E5CB2FD0050D7BA /* NTD-sample01.jpg in Resources */,
				3295BBB41E5CB1950050D7BA /* Main.storyboard in Resources */,
				3295BBC91E5CB3130050D7BA /* sample01.mp3 in Resources */,
				3295BBC51E5CB2FD0050D7BA /* NTD-TNOLED-CD-44x44.png in Resources */,
			);
			runOnlyForDeploymentPostprocessing = 0;
		};
/* End PBXResourcesBuildPhase section */

/* Begin PBXSourcesBuildPhase section */
		3295BBA21E5CB1910050D7BA /* Sources */ = {
			isa = PBXSourcesBuildPhase;
			buildActionMask = 2147483647;
			files = (
				3295BBB11E5CB1940050D7BA /* ViewController.m in Sources */,
				3295BBAE1E5CB1930050D7BA /* AppDelegate.m in Sources */,
				3295BBAB1E5CB1920050D7BA /* main.m in Sources */,
				3295BBD61E5CB34A0050D7BA /* PlaySongViewController.m in Sources */,
				3295BBD71E5CB34A0050D7BA /* SongListTableViewController.m in Sources */,
			);
			runOnlyForDeploymentPostprocessing = 0;
		};
/* End PBXSourcesBuildPhase section */

/* Begin PBXVariantGroup section */
		3295BBB21E5CB1950050D7BA /* Main.storyboard */ = {
			isa = PBXVariantGroup;
			children = (
				3295BBB31E5CB1950050D7BA /* Base */,
			);
			name = Main.storyboard;
			sourceTree = "<group>";
		};
/* End PBXVariantGroup section */

/* Begin XCBuildConfiguration section */
		3295BBBB1E5CB19A0050D7BA /* Debug */ = {
			isa = XCBuildConfiguration;
			buildSettings = {
				ALWAYS_SEARCH_USER_PATHS = NO;
				CLANG_ANALYZER_NONNULL = YES;
				CLANG_CXX_LANGUAGE_STANDARD = "gnu++0x";
				CLANG_CXX_LIBRARY = "libc++";
				CLANG_ENABLE_MODULES = YES;
				CLANG_ENABLE_OBJC_ARC = YES;
				CLANG_WARN_BOOL_CONVERSION = YES;
				CLANG_WARN_CONSTANT_CONVERSION = YES;
				CLANG_WARN_DIRECT_OBJC_ISA_USAGE = YES_ERROR;
				CLANG_WARN_DOCUMENTATION_COMMENTS = YES;
				CLANG_WARN_EMPTY_BODY = YES;
				CLANG_WARN_ENUM_CONVERSION = YES;
				CLANG_WARN_INFINITE_RECURSION = YES;
				CLANG_WARN_INT_CONVERSION = YES;
				CLANG_WARN_OBJC_ROOT_CLASS = YES_ERROR;
				CLANG_WARN_SUSPICIOUS_MOVE = YES;
				CLANG_WARN_UNREACHABLE_CODE = YES;
				CLANG_WARN__DUPLICATE_METHOD_MATCH = YES;
				"CODE_SIGN_IDENTITY[sdk=iphoneos*]" = "iPhone Developer";
				COPY_PHASE_STRIP = NO;
				DEBUG_INFORMATION_FORMAT = dwarf;
				ENABLE_STRICT_OBJC_MSGSEND = YES;
				ENABLE_TESTABILITY = YES;
				GCC_C_LANGUAGE_STANDARD = gnu99;
				GCC_DYNAMIC_NO_PIC = NO;
				GCC_NO_COMMON_BLOCKS = YES;
				GCC_OPTIMIZATION_LEVEL = 0;
				GCC_PREPROCESSOR_DEFINITIONS = (
					"DEBUG=1",
					"$(inherited)",
				);
				GCC_WARN_64_TO_32_BIT_CONVERSION = YES;
				GCC_WARN_ABOUT_RETURN_TYPE = YES_ERROR;
				GCC_WARN_UNDECLARED_SELECTOR = YES;
				GCC_WARN_UNINITIALIZED_AUTOS = YES_AGGRESSIVE;
				GCC_WARN_UNUSED_FUNCTION = YES;
				GCC_WARN_UNUSED_VARIABLE = YES;
				IPHONEOS_DEPLOYMENT_TARGET = 10.2;
				MTL_ENABLE_DEBUG_INFO = YES;
				ONLY_ACTIVE_ARCH = YES;
				SDKROOT = iphoneos;
			};
			name = Debug;
		};
		3295BBBC1E5CB19A0050D7BA /* Release */ = {
			isa = XCBuildConfiguration;
			buildSettings = {
				ALWAYS_SEARCH_USER_PATHS = NO;
				CLANG_ANALYZER_NONNULL = YES;
				CLANG_CXX_LANGUAGE_STANDARD = "gnu++0x";
				CLANG_CXX_LIBRARY = "libc++";
				CLANG_ENABLE_MODULES = YES;
				CLANG_ENABLE_OBJC_ARC = YES;
				CLANG_WARN_BOOL_CONVERSION = YES;
				CLANG_WARN_CONSTANT_CONVERSION = YES;
				CLANG_WARN_DIRECT_OBJC_ISA_USAGE = YES_ERROR;
				CLANG_WARN_DOCUMENTATION_COMMENTS = YES;
				CLANG_WARN_EMPTY_BODY = YES;
				CLANG_WARN_ENUM_CONVERSION = YES;
				CLANG_WARN_INFINITE_RECURSION = YES;
				CLANG_WARN_INT_CONVERSION = YES;
				CLANG_WARN_OBJC_ROOT_CLASS = YES_ERROR;
				CLANG_WARN_SUSPICIOUS_MOVE = YES;
				CLANG_WARN_UNREACHABLE_CODE = YES;
				CLANG_WARN__DUPLICATE_METHOD_MATCH = YES;
				"CODE_SIGN_IDENTITY[sdk=iphoneos*]" = "iPhone Developer";
				COPY_PHASE_STRIP = NO;
				DEBUG_INFORMATION_FORMAT = "dwarf-with-dsym";
				ENABLE_NS_ASSERTIONS = NO;
				ENABLE_STRICT_OBJC_MSGSEND = YES;
				GCC_C_LANGUAGE_STANDARD = gnu99;
				GCC_NO_COMMON_BLOCKS = YES;
				GCC_WARN_64_TO_32_BIT_CONVERSION = YES;
				GCC_WARN_ABOUT_RETURN_TYPE = YES_ERROR;
				GCC_WARN_UNDECLARED_SELECTOR = YES;
				GCC_WARN_UNINITIALIZED_AUTOS = YES_AGGRESSIVE;
				GCC_WARN_UNUSED_FUNCTION = YES;
				GCC_WARN_UNUSED_VARIABLE = YES;
				IPHONEOS_DEPLOYMENT_TARGET = 10.2;
				MTL_ENABLE_DEBUG_INFO = NO;
				SDKROOT = iphoneos;
				VALIDATE_PRODUCT = YES;
			};
			name = Release;
		};
		3295BBBE1E5CB19A0050D7BA /* Debug */ = {
			isa = XCBuildConfiguration;
			buildSettings = {
				ASSETCATALOG_COMPILER_APPICON_NAME = AppIcon;
				DEVELOPMENT_TEAM = 8KD2N297A7;
				INFOPLIST_FILE = "Music-Catalog/Info.plist";
				IPHONEOS_DEPLOYMENT_TARGET = 10.2;
				LD_RUNPATH_SEARCH_PATHS = "$(inherited) @executable_path/Frameworks";
				PRODUCT_BUNDLE_IDENTIFIER = "com.thinhmle.Music-Catalog";
				PRODUCT_NAME = "$(TARGET_NAME)";
				TARGETED_DEVICE_FAMILY = "1,2";
			};
			name = Debug;
		};
		3295BBBF1E5CB19A0050D7BA /* Release */ = {
			isa = XCBuildConfiguration;
			buildSettings = {
				ASSETCATALOG_COMPILER_APPICON_NAME = AppIcon;
				DEVELOPMENT_TEAM = 8KD2N297A7;
				INFOPLIST_FILE = "Music-Catalog/Info.plist";
				IPHONEOS_DEPLOYMENT_TARGET = 10.2;
				LD_RUNPATH_SEARCH_PATHS = "$(inherited) @executable_path/Frameworks";
				PRODUCT_BUNDLE_IDENTIFIER = "com.thinhmle.Music-Catalog";
				PRODUCT_NAME = "$(TARGET_NAME)";
				TARGETED_DEVICE_FAMILY = "1,2";
			};
			name = Release;
		};
/* End XCBuildConfiguration section */

/* Begin XCConfigurationList section */
		3295BBA11E5CB18F0050D7BA /* Build configuration list for PBXProject "Music-Catalog" */ = {
			isa = XCConfigurationList;
			buildConfigurations = (
				3295BBBB1E5CB19A0050D7BA /* Debug */,
				3295BBBC1E5CB19A0050D7BA /* Release */,
			);
			defaultConfigurationIsVisible = 0;
			defaultConfigurationName = Release;
		};
		3295BBBD1E5CB19A0050D7BA /* Build configuration list for PBXNativeTarget "Music-Catalog" */ = {
			isa = XCConfigurationList;
			buildConfigurations = (
				3295BBBE1E5CB19A0050D7BA /* Debug */,
				3295BBBF1E5CB19A0050D7BA /* Release */,
			);
			defaultConfigurationIsVisible = 0;
		};
/* End XCConfigurationList section */
	};
	rootObject = 3295BB9E1E5CB18F0050D7BA /* Project object */;
}
